
Microsoft Visual Studio Solution File, Format Version 12.00
# Visual Studio Version 17
VisualStudioVersion = 17.7.34031.279
MinimumVisualStudioVersion = 10.0.40219.1
Project("{FAE04EC0-301F-11D3-BF4B-00C04F79EFBC}") = "ProyectoPP", "ProyectoPP\ProyectoPP.csproj", "{B7492BC6-EFC2-417B-A654-CCFC79DBB39E}"
EndProject
Global
	GlobalSection(SolutionConfigurationPlatforms) = preSolution
		Debug|Any CPU = Debug|Any CPU
		Release|Any CPU = Release|Any CPU
	EndGlobalSection
	GlobalSection(ProjectConfigurationPlatforms) = postSolution
		{B7492BC6-EFC2-417B-A654-CCFC79DBB39E}.Debug|Any CPU.ActiveCfg = Debug|Any CPU
		{B7492BC6-EFC2-417B-A654-CCFC79DBB39E}.Debug|Any CPU.Build.0 = Debug|Any CPU
		{B7492BC6-EFC2-417B-A654-CCFC79DBB39E}.Release|Any CPU.ActiveCfg = Release|Any CPU
		{B7492BC6-EFC2-417B-A654-CCFC79DBB39E}.Release|Any CPU.Build.0 = Release|Any CPU
	EndGlobalSection
	GlobalSection(SolutionProperties) = preSolution
		HideSolutionNode = FALSE
	EndGlobalSection
	GlobalSection(ExtensibilityGlobals) = postSolution
		SolutionGuid = {2B05E7B9-A1F6-483C-BEB5-BF8682A91F4C}
	EndGlobalSection
EndGlobal
